
Microsoft Visual Studio Solution File, Format Version 12.00
# Visual Studio Version 17
VisualStudioVersion = 17.8.34525.116
MinimumVisualStudioVersion = 10.0.40219.1
Project("{2150E333-8FDC-42A3-9474-1A3956D46DE8}") = "src", "src", "{7D14AB6E-4BAA-469D-A4A5-9D7F1B3D704D}"
EndProject
Project("{2150E333-8FDC-42A3-9474-1A3956D46DE8}") = "Core", "Core", "{3DD5E2D9-3314-4D69-AC3D-F6FA47AFBB2D}"
EndProject
Project("{FAE04EC0-301F-11D3-BF4B-00C04F79EFBC}") = "GuidePlatform.Application", "GuidePlatform.Application\GuidePlatform.Application.csproj", "{6B41407D-76B0-4132-BFCB-9BA5242534C9}"
EndProject
Project("{FAE04EC0-301F-11D3-BF4B-00C04F79EFBC}") = "GuidePlatform.Domain", "GuidePlatform.Domain\GuidePlatform.Domain.csproj", "{650E7D5A-A358-4228-A880-6DF2466A7916}"
EndProject
Project("{2150E333-8FDC-42A3-9474-1A3956D46DE8}") = "Infrastructure", "Infrastructure", "{91E2250A-87A3-4B98-94C7-C21B193CCAC1}"
EndProject
Project("{FAE04EC0-301F-11D3-BF4B-00C04F79EFBC}") = "GuidePlatform.Infrastructure", "GuidePlatform.Infrastructure\GuidePlatform.Infrastructure.csproj", "{B354A153-4A6A-4057-8897-432413EE256A}"
EndProject
Project("{FAE04EC0-301F-11D3-BF4B-00C04F79EFBC}") = "GuidePlatform.Persistence", "GuidePlatform.Persistence\GuidePlatform.Persistence.csproj", "{0333DB07-51F6-4214-AF46-D49FA3F80917}"
EndProject
Project("{2150E333-8FDC-42A3-9474-1A3956D46DE8}") = "Presentation", "Presentation", "{B0850B12-A7EF-473A-A8B6-E4042A235DFC}"
EndProject
Project("{FAE04EC0-301F-11D3-BF4B-00C04F79EFBC}") = "GuidePlatform.API", "GuidePlatform.API\GuidePlatform.API.csproj", "{305EB0D0-78D8-4622-8709-E34E34E5C53F}"
EndProject
Project("{2150E333-8FDC-42A3-9474-1A3956D46DE8}") = "test", "test", "{F600B127-9B68-44B5-A1A5-DA00BBE217FB}"
EndProject
Project("{2150E333-8FDC-42A3-9474-1A3956D46DE8}") = "Core", "Core", "{91A81E67-3E44-4870-9A5E-370905329B33}"
EndProject
Project("{FAE04EC0-301F-11D3-BF4B-00C04F79EFBC}") = "GuidePlatform.Application.UnitTest", "GuidePlatform.Application.UnitTest\GuidePlatform.Application.UnitTest.csproj", "{2AB40BF4-F7FD-4388-9A00-462DE2597FC6}"
EndProject
Project("{FAE04EC0-301F-11D3-BF4B-00C04F79EFBC}") = "GuidePlatform.Domain.UnitTest", "GuidePlatform.Domain.UnitTest\GuidePlatform.Domain.UnitTest.csproj", "{6960B257-A2AD-4573-B35A-9EFCC629AB8D}"
EndProject
Project("{2150E333-8FDC-42A3-9474-1A3956D46DE8}") = "Infrastructure", "Infrastructure", "{2AC2EA59-F33A-4F30-A4FA-8C0EE25EBE62}"
EndProject
Project("{FAE04EC0-301F-11D3-BF4B-00C04F79EFBC}") = "GuidePlatform.Infrastructure.UnitTest", "GuidePlatform.Infrastructure.UnitTest\GuidePlatform.Infrastructure.UnitTest.csproj", "{DC2253B8-51F8-4398-86EE-74C68557E744}"
EndProject
Project("{FAE04EC0-301F-11D3-BF4B-00C04F79EFBC}") = "GuidePlatform.Persistence.UnitTest", "GuidePlatform.Persistence.UnitTest\GuidePlatform.Persistence.UnitTest.csproj", "{C27099CE-0B64-480C-9995-780F1CD8BF19}"
EndProject
Project("{2150E333-8FDC-42A3-9474-1A3956D46DE8}") = "Presentation", "Presentation", "{496EB4E6-14CB-4DFE-9BFF-267988AA00AD}"
EndProject
Project("{FAE04EC0-301F-11D3-BF4B-00C04F79EFBC}") = "GuidePlatform.API.UnitTest", "GuidePlatform.API.UnitTest\GuidePlatform.API.UnitTest.csproj", "{4C3F431A-C092-4C2D-835A-7BE72FB86B9A}"
EndProject
Global
	GlobalSection(SolutionConfigurationPlatforms) = preSolution
		Debug|Any CPU = Debug|Any CPU
		Release|Any CPU = Release|Any CPU
	EndGlobalSection
	GlobalSection(ProjectConfigurationPlatforms) = postSolution
		{6B41407D-76B0-4132-BFCB-9BA5242534C9}.Debug|Any CPU.ActiveCfg = Debug|Any CPU
		{6B41407D-76B0-4132-BFCB-9BA5242534C9}.Debug|Any CPU.Build.0 = Debug|Any CPU
		{6B41407D-76B0-4132-BFCB-9BA5242534C9}.Release|Any CPU.ActiveCfg = Release|Any CPU
		{6B41407D-76B0-4132-BFCB-9BA5242534C9}.Release|Any CPU.Build.0 = Release|Any CPU
		{650E7D5A-A358-4228-A880-6DF2466A7916}.Debug|Any CPU.ActiveCfg = Debug|Any CPU
		{650E7D5A-A358-4228-A880-6DF2466A7916}.Debug|Any CPU.Build.0 = Debug|Any CPU
		{650E7D5A-A358-4228-A880-6DF2466A7916}.Release|Any CPU.ActiveCfg = Release|Any CPU
		{650E7D5A-A358-4228-A880-6DF2466A7916}.Release|Any CPU.Build.0 = Release|Any CPU
		{B354A153-4A6A-4057-8897-432413EE256A}.Debug|Any CPU.ActiveCfg = Debug|Any CPU
		{B354A153-4A6A-4057-8897-432413EE256A}.Debug|Any CPU.Build.0 = Debug|Any CPU
		{B354A153-4A6A-4057-8897-432413EE256A}.Release|Any CPU.ActiveCfg = Release|Any CPU
		{B354A153-4A6A-4057-8897-432413EE256A}.Release|Any CPU.Build.0 = Release|Any CPU
		{0333DB07-51F6-4214-AF46-D49FA3F80917}.Debug|Any CPU.ActiveCfg = Debug|Any CPU
		{0333DB07-51F6-4214-AF46-D49FA3F80917}.Debug|Any CPU.Build.0 = Debug|Any CPU
		{0333DB07-51F6-4214-AF46-D49FA3F80917}.Release|Any CPU.ActiveCfg = Release|Any CPU
		{0333DB07-51F6-4214-AF46-D49FA3F80917}.Release|Any CPU.Build.0 = Release|Any CPU
		{305EB0D0-78D8-4622-8709-E34E34E5C53F}.Debug|Any CPU.ActiveCfg = Debug|Any CPU
		{305EB0D0-78D8-4622-8709-E34E34E5C53F}.Debug|Any CPU.Build.0 = Debug|Any CPU
		{305EB0D0-78D8-4622-8709-E34E34E5C53F}.Release|Any CPU.ActiveCfg = Release|Any CPU
		{305EB0D0-78D8-4622-8709-E34E34E5C53F}.Release|Any CPU.Build.0 = Release|Any CPU
		{2AB40BF4-F7FD-4388-9A00-462DE2597FC6}.Debug|Any CPU.ActiveCfg = Debug|Any CPU
		{2AB40BF4-F7FD-4388-9A00-462DE2597FC6}.Debug|Any CPU.Build.0 = Debug|Any CPU
		{2AB40BF4-F7FD-4388-9A00-462DE2597FC6}.Release|Any CPU.ActiveCfg = Release|Any CPU
		{2AB40BF4-F7FD-4388-9A00-462DE2597FC6}.Release|Any CPU.Build.0 = Release|Any CPU
		{6960B257-A2AD-4573-B35A-9EFCC629AB8D}.Debug|Any CPU.ActiveCfg = Debug|Any CPU
		{6960B257-A2AD-4573-B35A-9EFCC629AB8D}.Debug|Any CPU.Build.0 = Debug|Any CPU
		{6960B257-A2AD-4573-B35A-9EFCC629AB8D}.Release|Any CPU.ActiveCfg = Release|Any CPU
		{6960B257-A2AD-4573-B35A-9EFCC629AB8D}.Release|Any CPU.Build.0 = Release|Any CPU
		{DC2253B8-51F8-4398-86EE-74C68557E744}.Debug|Any CPU.ActiveCfg = Debug|Any CPU
		{DC2253B8-51F8-4398-86EE-74C68557E744}.Debug|Any CPU.Build.0 = Debug|Any CPU
		{DC2253B8-51F8-4398-86EE-74C68557E744}.Release|Any CPU.ActiveCfg = Release|Any CPU
		{DC2253B8-51F8-4398-86EE-74C68557E744}.Release|Any CPU.Build.0 = Release|Any CPU
		{C27099CE-0B64-480C-9995-780F1CD8BF19}.Debug|Any CPU.ActiveCfg = Debug|Any CPU
		{C27099CE-0B64-480C-9995-780F1CD8BF19}.Debug|Any CPU.Build.0 = Debug|Any CPU
		{C27099CE-0B64-480C-9995-780F1CD8BF19}.Release|Any CPU.ActiveCfg = Release|Any CPU
		{C27099CE-0B64-480C-9995-780F1CD8BF19}.Release|Any CPU.Build.0 = Release|Any CPU
		{4C3F431A-C092-4C2D-835A-7BE72FB86B9A}.Debug|Any CPU.ActiveCfg = Debug|Any CPU
		{4C3F431A-C092-4C2D-835A-7BE72FB86B9A}.Debug|Any CPU.Build.0 = Debug|Any CPU
		{4C3F431A-C092-4C2D-835A-7BE72FB86B9A}.Release|Any CPU.ActiveCfg = Release|Any CPU
		{4C3F431A-C092-4C2D-835A-7BE72FB86B9A}.Release|Any CPU.Build.0 = Release|Any CPU
	EndGlobalSection
	GlobalSection(SolutionProperties) = preSolution
		HideSolutionNode = FALSE
	EndGlobalSection
	GlobalSection(NestedProjects) = preSolution
		{3DD5E2D9-3314-4D69-AC3D-F6FA47AFBB2D} = {7D14AB6E-4BAA-469D-A4A5-9D7F1B3D704D}
		{6B41407D-76B0-4132-BFCB-9BA5242534C9} = {3DD5E2D9-3314-4D69-AC3D-F6FA47AFBB2D}
		{650E7D5A-A358-4228-A880-6DF2466A7916} = {3DD5E2D9-3314-4D69-AC3D-F6FA47AFBB2D}
		{91E2250A-87A3-4B98-94C7-C21B193CCAC1} = {7D14AB6E-4BAA-469D-A4A5-9D7F1B3D704D}
		{B354A153-4A6A-4057-8897-432413EE256A} = {91E2250A-87A3-4B98-94C7-C21B193CCAC1}
		{0333DB07-51F6-4214-AF46-D49FA3F80917} = {91E2250A-87A3-4B98-94C7-C21B193CCAC1}
		{B0850B12-A7EF-473A-A8B6-E4042A235DFC} = {7D14AB6E-4BAA-469D-A4A5-9D7F1B3D704D}
		{305EB0D0-78D8-4622-8709-E34E34E5C53F} = {B0850B12-A7EF-473A-A8B6-E4042A235DFC}
		{91A81E67-3E44-4870-9A5E-370905329B33} = {F600B127-9B68-44B5-A1A5-DA00BBE217FB}
		{2AB40BF4-F7FD-4388-9A00-462DE2597FC6} = {91A81E67-3E44-4870-9A5E-370905329B33}
		{6960B257-A2AD-4573-B35A-9EFCC629AB8D} = {91A81E67-3E44-4870-9A5E-370905329B33}
		{2AC2EA59-F33A-4F30-A4FA-8C0EE25EBE62} = {F600B127-9B68-44B5-A1A5-DA00BBE217FB}
		{DC2253B8-51F8-4398-86EE-74C68557E744} = {2AC2EA59-F33A-4F30-A4FA-8C0EE25EBE62}
		{C27099CE-0B64-480C-9995-780F1CD8BF19} = {2AC2EA59-F33A-4F30-A4FA-8C0EE25EBE62}
		{496EB4E6-14CB-4DFE-9BFF-267988AA00AD} = {F600B127-9B68-44B5-A1A5-DA00BBE217FB}
		{4C3F431A-C092-4C2D-835A-7BE72FB86B9A} = {496EB4E6-14CB-4DFE-9BFF-267988AA00AD}
	EndGlobalSection
	GlobalSection(ExtensibilityGlobals) = postSolution
		SolutionGuid = {EAD4E6FD-04BD-4306-A676-EB516690CA72}
	EndGlobalSection
EndGlobal
